hash: de6bf65a1a2c8f65d255a98da91a2d0c2790ba1906f720aec1342d25e94c285c
updated: 2017-03-07T13:29:29.531532972+01:00
imports:
- name: cloud.google.com/go
  version: a60f1cde6df9c4cc674baf028d3936ad4df12e54
  subpackages:
  - compute/metadata
  - internal
- name: github.com/alecthomas/template
  version: a0175ee3bccc567396460bf5acd36800cb10c49c
  subpackages:
  - parse
- name: github.com/alecthomas/units
  version: 2efee857e7cfd4f3d0138cc3cbb1b4966962b93a
- name: github.com/armon/consul-api
  version: dcfedd50ed5334f96adee43fc88518a4f095e15c
- name: github.com/armon/go-proxyproto
  version: 3daa90aec0039a806299b9078f4422fee950f33c
- name: github.com/cenk/backoff
  version: 32cd0c5b3aef12c76ed64aaf678f6c79736be7dc
- name: github.com/cenkalti/backoff
  version: b02f2bbce11d7ea6b97f282ef1771b0fe2f65ef3
- name: github.com/coreos/go-etcd
  version: 003851be7bb0694fe3cc457a49529a19388ee7cf
  subpackages:
  - etcd
- name: github.com/dancannon/gorethink
  version: 610fcc04c971a9fa42f1b6625c7c52b5bb472c51
- name: github.com/davecgh/go-spew
  version: 6d212800a42e8ab5c146b8ace3490ee17e5225f9
  subpackages:
  - spew
- name: github.com/fsnotify/fsnotify
  version: 629574ca2a5df945712d3079857300b5e4da0236
- name: github.com/go-ole/go-ole
  version: de8695c8edbf8236f30d6e1376e20b198a028d42
  subpackages:
  - oleutil
- name: github.com/golang/protobuf
  version: c9c7427a2a70d2eb3bafa0ab2dc163e45f143317
  subpackages:
  - jsonpb/jsonpb_test_proto
  - proto
  - proto/proto3_proto
  - proto/testdata
  - protoc-gen-go/descriptor
  - protoc-gen-go/generator
  - protoc-gen-go/grpc
  - protoc-gen-go/plugin
  - ptypes
  - ptypes/any
  - ptypes/duration
  - ptypes/struct
  - ptypes/timestamp
  - ptypes/wrappers
- name: github.com/googleapis/gax-go
  version: 8c5154c0fe5bf18cf649634d4c6df50897a32751
- name: github.com/gopherjs/gopherjs
  version: 7d94d732be268c4904141f8b8604eb2d6d6544a1
  subpackages:
  - js
- name: github.com/hailocab/go-hostpool
  version: e80d13ce29ede4452c43dea11e79b9bc8a15b478
- name: github.com/hashicorp/hcl
  version: 630949a3c5fa3c613328e1b8256052cbc2327c9b
  subpackages:
  - hcl/ast
  - hcl/parser
  - hcl/printer
  - hcl/scanner
  - hcl/strconv
  - hcl/token
  - json/parser
  - json/scanner
  - json/token
  - testhelper
- name: github.com/jaracil/ei
  version: 844622be8c2c39592db1d1ec8af5e0733cd9b8f9
- name: github.com/jaracil/nexus
  version: 9504953f398eb983704696ed7c066a196db5bf89
  subpackages:
  - log
- name: github.com/jaracil/smartio
  version: a059462b5df8b82bf851e587bb90faca26fe3fab
- name: github.com/jaracil/websocket
  version: 648d4bd55c0af018343a13dd928ea535c9e7705d
- name: github.com/jaracil/wsck
  version: 231d4ce784ed48570092761a0da88a37c62f79df
- name: github.com/jessevdk/go-flags
  version: 48cf8722c3375517aba351d1f7577c40663a4407
- name: github.com/kr/fs
  version: 2788f0dbd16903de03cb8186e5c7d97b69ad387b
- name: github.com/magiconair/properties
  version: c265cfa48dda6474e208715ca93e987829f572f8
  subpackages:
  - _third_party/gopkg.in/check.v1
- name: github.com/mattn/go-runewidth
  version: 9e777a8366cce605130a531d2cd6363d07ad7317
- name: github.com/mitchellh/mapstructure
  version: db1efb556f84b25a0a13a04aad883943538ad2e0
- name: github.com/nayarsystems/kingpin
  version: 8cccfa8eb2e3183254457fb1749b2667fbc364c7
- name: github.com/nayarsystems/nxgo
  version: 56055fa9fff44d20cbf40daf06fdc9d2f3dc9f5b
  subpackages:
  - nxcore
- name: github.com/olekukonko/tablewriter
  version: febf2d34b54a69ce7530036c7503b1c9fbfdf0bb
- name: github.com/pelletier/go-buffruneio
  version: c37440a7cf42ac63b919c752ca73a85067e05992
- name: github.com/pelletier/go-toml
  version: d464759235b8fd59f8ab4c44807d7c36e1678add
- name: github.com/pkg/errors
  version: 645ef00459ed84a119197bfb8d8205042c6df63d
- name: github.com/pkg/sftp
  version: 1077779d4478e66c237c7be3a98ea98ff76f99ce
- name: github.com/pmezard/go-difflib
  version: d8ed2627bdf02c080bf22230dbb337003b7aba2d
  subpackages:
  - difflib
- name: github.com/rifflock/lfshook
  version: 1ae91782cf87524466b000ea12d8291ea48269be
- name: github.com/shirou/gopsutil
  version: d371ba1293cb48fedc6850526ea48b3846c54f2c
  subpackages:
  - cpu
  - host
  - internal/common
  - load
  - mem
  - net
  - process
- name: github.com/shirou/w32
  version: bb4de0191aa41b5507caa14b0650cdbddcd9280b
- name: github.com/Sirupsen/logrus
  version: 0208149b40d863d2c1a2f8fe5753096a9cf2cc8b
- name: github.com/spf13/afero
  version: 9be650865eab0c12963d8753212f4f9c66cdcf12
  subpackages:
  - mem
- name: github.com/spf13/cast
  version: ce135a4ebeee6cfe9a26c93ee0d37825f26113c7
- name: github.com/spf13/jwalterweatherman
  version: fa7ca7e836cf3a8bb4ebf799f472c12d7e903d66
- name: github.com/spf13/pflag
  version: 9ff6c6923cfffbcd502984b8e0c80539a94968b7
- name: github.com/spf13/viper
  version: 7538d73b4eb9511d85a9f1dfef202eeb8ac260f4
- name: github.com/StackExchange/wmi
  version: 9f32b5905fd6ce7384093f9d048437e79f7b4d85
- name: github.com/stretchr/testify
  version: 69483b4bd14f5845b5a1e55bca19e954e827f1d0
  subpackages:
  - assert
  - require
  - suite
- name: github.com/tylerb/graceful
  version: 4654dfbb6ad53cb5e27f37d99b02e16c1872fbbb
- name: github.com/ugorji/go
  version: c88ee250d0221a57af388746f5cf03768c21d6e2
  subpackages:
  - codec
- name: github.com/urfave/negroni
  version: fde5e16d32adc7ad637e9cd9ad21d4ebc6192535
- name: github.com/xordataexchange/crypt
  version: 749e360c8f236773f28fc6d3ddfce4a470795227
  subpackages:
  - backend
  - backend/consul
  - backend/etcd
  - config
  - encoding/secconf
- name: go4.org
  version: 7ce08ca145dbe0e66a127c447b80ee7914f3e4f9
  subpackages:
  - syncutil/singleflight
- name: golang.org/x/crypto
  version: 728b753d0135da6801d45a38e6f43ff55779c5c2
  subpackages:
  - acme
  - acme/autocert
  - blowfish
  - cast5
  - chacha20poly1305/internal/chacha20
  - curve25519
  - ed25519
  - ed25519/internal/edwards25519
  - hkdf
  - nacl/secretbox
  - openpgp
  - openpgp/armor
  - openpgp/elgamal
  - openpgp/errors
  - openpgp/packet
  - openpgp/s2k
  - pbkdf2
  - pkcs12/internal/rc2
  - poly1305
  - ripemd160
  - salsa20/salsa
  - scrypt
  - ssh
  - ssh/agent
  - ssh/terminal
  - ssh/testdata
- name: golang.org/x/net
  version: d379faa25cbdc04d653984913a2ceb43b0bc46d7
  subpackages:
  - bpf
  - context
  - context/ctxhttp
  - html
  - html/atom
  - http2
  - http2/hpack
  - icmp
  - idna
  - internal/iana
  - internal/netreflect
  - internal/nettest
  - internal/timeseries
  - ipv4
  - ipv6
  - lex/httplex
  - trace
  - webdav/internal/xml
  - websocket
- name: golang.org/x/oauth2
  version: efb10a30610e617dbb17fc243f4cc61a8cfa2903
  subpackages:
  - google
  - internal
  - jws
  - jwt
- name: golang.org/x/sys
  version: e48874b42435b4347fc52bdee0424a52abc974d7
  subpackages:
  - plan9
  - unix
  - windows
  - windows/registry
  - windows/svc
  - windows/svc/debug
  - windows/svc/eventlog
  - windows/svc/mgr
- name: golang.org/x/text
  version: f28f36722d5ef2f9655ad3de1f248e3e52ad5ebd
  subpackages:
  - cases
  - collate
  - collate/build
  - currency
  - encoding
  - encoding/charmap
  - encoding/htmlindex
  - encoding/ianaindex
  - encoding/internal
  - encoding/internal/identifier
  - encoding/japanese
  - encoding/korean
  - encoding/simplifiedchinese
  - encoding/traditionalchinese
  - encoding/unicode
  - encoding/unicode/utf32
  - internal
  - internal/colltab
  - internal/format
  - internal/format/plural
  - internal/gen
  - internal/stringset
  - internal/tag
  - internal/testtext
  - internal/triegen
  - internal/ucd
  - internal/utf8internal
  - language
  - language/display
  - message
  - runes
  - secure/bidirule
  - transform
  - unicode/bidi
  - unicode/cldr
  - unicode/norm
  - unicode/rangetable
  - unicode/runenames
  - width
- name: golang.org/x/tools
  version: 03d3934baf81f2387349b58864cb98b6fe7cf85e
  subpackages:
  - go/ast/astutil
  - go/buildutil
  - go/loader
- name: google.golang.org/api
  version: 77f162b8178853926ec7d7673e1aa77f8128517a
  subpackages:
  - compute/v1
  - gensupport
  - googleapi
  - googleapi/internal/uritemplates
- name: google.golang.org/appengine
  version: 5403c08c6e8fb3b2dc1209d2d833d8e8ac8240de
  subpackages:
  - internal
  - internal/app_identity
  - internal/base
  - internal/datastore
  - internal/log
  - internal/modules
  - internal/remote_api
  - internal/urlfetch
  - urlfetch
- name: google.golang.org/grpc
  version: 4eaacfed9779ee7568c9e72e9f763dbd3af8e0b4
  subpackages:
  - codes
  - credentials
  - grpclog
  - internal
  - keepalive
  - metadata
  - naming
  - peer
  - stats
  - tap
  - transport
- name: gopkg.in/airbrake/gobrake.v2
  version: 668876711219e8b0206e2994bf0a59d889c775aa
- name: gopkg.in/dancannon/gorethink.v2
  version: 610fcc04c971a9fa42f1b6625c7c52b5bb472c51
  subpackages:
  - encoding
  - internal/compare
  - ql2
  - types
- name: gopkg.in/fatih/pool.v2
  version: 6e328e67893eb46323ad06f0e92cb9536babbabc
- name: gopkg.in/gemnasium/logrus-airbrake-hook.v2
  version: bfee1239d796830ca346767650cce5ba90d58c57
- name: gopkg.in/gorethink/gorethink.v3
  version: 610fcc04c971a9fa42f1b6625c7c52b5bb472c51
  subpackages:
  - encoding
  - ql2
  - types
- name: gopkg.in/tylerb/graceful.v1
  version: 4654dfbb6ad53cb5e27f37d99b02e16c1872fbbb
- name: gopkg.in/yaml.v2
  version: a3f3340b5840cee44f372bddb5880fcbc419b46a
testImports:
- name: github.com/alecthomas/assert
  version: 561411bbb7e98b005e520f4c0f491c2d23782048
- name: github.com/alecthomas/colour
  version: 60882d9e27213e8552dcff6328914fe4c2b44bc9
- name: github.com/alecthomas/repr
  version: d44565ca483f0ed23c2ac9cda62c966b116e77a3
- name: github.com/bitly/go-hostpool
  version: c32c3660406ef1ea14936cc9282e174fe8508c42
- name: github.com/bmizerany/assert
  version: b7ed37b82869576c289d7d97fb2bbd8b64a0cb28
- name: github.com/kr/pretty
  version: cfb55aafdaf3ec08f0db22699ab822c50091b1c4
- name: github.com/kr/text
  version: 7cafcd837844e784b526369c9bce262804aebc60
- name: github.com/mattn/go-isatty
  version: 9622e0cc9d8f9be434ca605520ff9a16808fee47
- name: github.com/sergi/go-diff
  version: 24e2351369ec4949b2ed0dc5c477afdd4c4034e8
  subpackages:
  - diffmatchpatch
- name: gopkg.in/check.v1
  version: 20d25e2804050c1cd24a7eea1e7a6447dd0e74ec
