hash: 98730afbe3c421a640145839cb7e5e73043f9f170b2b82b44e135585e0a32538
updated: 2017-05-26T12:43:20.467001642+02:00
imports:
- name: github.com/armon/go-proxyproto
  version: 3daa90aec0039a806299b9078f4422fee950f33c
- name: github.com/cenkalti/backoff
  version: 32cd0c5b3aef12c76ed64aaf678f6c79736be7dc
- name: github.com/dancannon/gorethink
  version: 7ab832f7b65573104a555d84a27992ae9ea1f659
- name: github.com/golang/protobuf
  version: 2bba0603135d7d7f5cb73b2125beeda19c09f4ef
  subpackages:
  - proto
- name: github.com/gopherjs/gopherjs
  version: 265040a1352e0bb611e87f5b985bf83600c66cce
  subpackages:
  - js
- name: github.com/hailocab/go-hostpool
  version: e80d13ce29ede4452c43dea11e79b9bc8a15b478
- name: github.com/jaracil/ei
  version: 844622be8c2c39592db1d1ec8af5e0733cd9b8f9
- name: github.com/jaracil/smartio
  version: a059462b5df8b82bf851e587bb90faca26fe3fab
- name: github.com/jaracil/websocket
  version: 648d4bd55c0af018343a13dd928ea535c9e7705d
- name: github.com/jaracil/wsck
  version: 231d4ce784ed48570092761a0da88a37c62f79df
- name: github.com/jessevdk/go-flags
  version: 48cf8722c3375517aba351d1f7577c40663a4407
- name: github.com/nayarsystems/nxgo
  version: 3e45c07da004bb85a3443f22386131d731cc89dd
  subpackages:
  - nxcore
- name: github.com/rifflock/lfshook
  version: 1ae91782cf87524466b000ea12d8291ea48269be
- name: github.com/shirou/gopsutil
  version: 9af92986dda65a8c367157a82b484553e1ec1c55
  subpackages:
  - internal/common
  - load
- name: github.com/Sirupsen/logrus
  version: ba1b36c82c5e05c4f912a88eab0dcd91a171688f
- name: github.com/tylerb/graceful
  version: 4654dfbb6ad53cb5e27f37d99b02e16c1872fbbb
- name: golang.org/x/crypto
  version: 3543873453996aaab2fc6b3928a35fc5ca2b5afb
  subpackages:
  - pbkdf2
  - scrypt
- name: golang.org/x/net
  version: da118f7b8e5954f39d0d2130ab35d4bf0e3cb344
  subpackages:
  - context
  - websocket
- name: golang.org/x/sys
  version: 8c0a5eacbac818f9011015b17992f53d9cec3e8f
  subpackages:
  - unix
- name: gopkg.in/fatih/pool.v2
  version: 6e328e67893eb46323ad06f0e92cb9536babbabc
- name: gopkg.in/gorethink/gorethink.v3
  version: 7ab832f7b65573104a555d84a27992ae9ea1f659
  subpackages:
  - encoding
  - ql2
  - types
testImports: []
