hash: beaaf4a82e7648aaf8b4a5ea0993c71f525fde95b1fcce0306cf971cba4d2c39
updated: 2017-12-19T16:05:53.601111118+01:00
imports:
- name: github.com/armon/go-proxyproto
  version: 3daa90aec0039a806299b9078f4422fee950f33c
- name: github.com/cenkalti/backoff
  version: 32cd0c5b3aef12c76ed64aaf678f6c79736be7dc
- name: github.com/go-ole/go-ole
  version: de8695c8edbf8236f30d6e1376e20b198a028d42
  subpackages:
  - oleutil
- name: github.com/golang/protobuf
  version: 2bba0603135d7d7f5cb73b2125beeda19c09f4ef
  subpackages:
  - proto
- name: github.com/gopherjs/gopherjs
  version: 265040a1352e0bb611e87f5b985bf83600c66cce
  subpackages:
  - js
- name: github.com/hailocab/go-hostpool
  version: e80d13ce29ede4452c43dea11e79b9bc8a15b478
- name: github.com/jaracil/ei
  version: 844622be8c2c39592db1d1ec8af5e0733cd9b8f9
- name: github.com/jaracil/smartio
  version: a059462b5df8b82bf851e587bb90faca26fe3fab
- name: github.com/jaracil/websocket
  version: 648d4bd55c0af018343a13dd928ea535c9e7705d
- name: github.com/jaracil/wsck
  version: 231d4ce784ed48570092761a0da88a37c62f79df
- name: github.com/jessevdk/go-flags
  version: 96dc06278ce32a0e9d957d590bb987c81ee66407
- name: github.com/nayarsystems/nxgo
  version: 3e45c07da004bb85a3443f22386131d731cc89dd
  subpackages:
  - nxcore
- name: github.com/rifflock/lfshook
  version: 1e6869029fcba52a12e98696e95dc1f0fb33702f
- name: github.com/shirou/gopsutil
  version: bfe3c2e8f406bf352bc8df81f98c752224867349
  subpackages:
  - internal/common
  - load
- name: github.com/sirupsen/logrus
  version: d682213848ed68c0a260ca37d6dd5ace8423f5ba
- name: github.com/StackExchange/wmi
  version: 9f32b5905fd6ce7384093f9d048437e79f7b4d85
- name: github.com/tylerb/graceful
  version: 4654dfbb6ad53cb5e27f37d99b02e16c1872fbbb
- name: golang.org/x/crypto
  version: 3543873453996aaab2fc6b3928a35fc5ca2b5afb
  subpackages:
  - pbkdf2
  - scrypt
  - ssh/terminal
- name: golang.org/x/net
  version: da118f7b8e5954f39d0d2130ab35d4bf0e3cb344
  subpackages:
  - context
  - websocket
- name: golang.org/x/sys
  version: 8c0a5eacbac818f9011015b17992f53d9cec3e8f
  subpackages:
  - unix
  - windows
- name: gopkg.in/fatih/pool.v2
  version: 6e328e67893eb46323ad06f0e92cb9536babbabc
- name: gopkg.in/gorethink/gorethink.v3
  version: 7f5bdfd858bb064d80559b2a32b86669c5de5d3b
  subpackages:
  - encoding
  - ql2
  - types
testImports: []
