# This file is autogenerated, do not edit; changes may be undone by the next 'dep ensure'.


[[projects]]
  branch = "master"
  name = "github.com/StackExchange/wmi"
  packages = ["."]
  revision = "ea383cf3ba6ec950874b8486cd72356d007c768f"

[[projects]]
  branch = "master"
  name = "github.com/armon/go-proxyproto"
  packages = ["."]
  revision = "48572f11356f1843b694f21a290d4f1006bc5e47"

[[projects]]
  name = "github.com/cenkalti/backoff"
  packages = ["."]
  revision = "61153c768f31ee5f130071d08fc82b85208528de"
  version = "v1.1.0"

[[projects]]
  name = "github.com/go-ole/go-ole"
  packages = [".","oleutil"]
  revision = "0e87ea779d9deb219633b828a023b32e1244dd57"
  version = "v1.2.0"

[[projects]]
  branch = "master"
  name = "github.com/golang/protobuf"
  packages = ["proto"]
  revision = "1e59b77b52bf8e4b449a57e6f79f21226d571845"

[[projects]]
  branch = "master"
  name = "github.com/gopherjs/gopherjs"
  packages = ["js"]
  revision = "444abdf920945de5d4a977b572bcc6c674d1e4eb"

[[projects]]
  branch = "master"
  name = "github.com/hailocab/go-hostpool"
  packages = ["."]
  revision = "e80d13ce29ede4452c43dea11e79b9bc8a15b478"

[[projects]]
  branch = "master"
  name = "github.com/jaracil/ei"
  packages = ["."]
  revision = "4f519a480ebd5144a27f1d2d104cbaeb5c31c9cd"

[[projects]]
  branch = "master"
  name = "github.com/jaracil/smartio"
  packages = ["."]
  revision = "a059462b5df8b82bf851e587bb90faca26fe3fab"

[[projects]]
  branch = "master"
  name = "github.com/jaracil/websocket"
  packages = ["."]
  revision = "648d4bd55c0af018343a13dd928ea535c9e7705d"

[[projects]]
  branch = "master"
  name = "github.com/jaracil/wsck"
  packages = ["."]
  revision = "231d4ce784ed48570092761a0da88a37c62f79df"

[[projects]]
  name = "github.com/jessevdk/go-flags"
  packages = ["."]
  revision = "96dc06278ce32a0e9d957d590bb987c81ee66407"
  version = "v1.3.0"

[[projects]]
  name = "github.com/nayarsystems/nxgo"
  packages = [".","nxcore"]
  revision = "3e45c07da004bb85a3443f22386131d731cc89dd"
  version = "1.7.0"

[[projects]]
  name = "github.com/rifflock/lfshook"
  packages = ["."]
  revision = "1e6869029fcba52a12e98696e95dc1f0fb33702f"
  version = "v2.1"

[[projects]]
  name = "github.com/shirou/gopsutil"
  packages = ["internal/common","load"]
  revision = "bfe3c2e8f406bf352bc8df81f98c752224867349"
  version = "v2.17.11"

[[projects]]
  name = "github.com/sirupsen/logrus"
  packages = ["."]
  revision = "d682213848ed68c0a260ca37d6dd5ace8423f5ba"
  version = "v1.0.4"

[[projects]]
  name = "github.com/tylerb/graceful"
  packages = ["."]
  revision = "4654dfbb6ad53cb5e27f37d99b02e16c1872fbbb"
  version = "v1.2.15"

[[projects]]
  branch = "master"
  name = "golang.org/x/crypto"
  packages = ["pbkdf2","scrypt","ssh/terminal"]
  revision = "94eea52f7b742c7cbe0b03b22f0c4c8631ece122"

[[projects]]
  branch = "master"
  name = "golang.org/x/net"
  packages = ["context","websocket"]
  revision = "d866cfc389cec985d6fda2859936a575a55a3ab6"

[[projects]]
  branch = "master"
  name = "golang.org/x/sys"
  packages = ["unix","windows"]
  revision = "1d2aa6dbdea45adaaebb9905d0666e4537563829"

[[projects]]
  branch = "v2.0.0"
  name = "gopkg.in/fatih/pool.v2"
  packages = ["."]
  revision = "010e0b745d12eaf8426c95f9c3924d81dd0b668f"

[[projects]]
  name = "gopkg.in/gorethink/gorethink.v3"
  packages = [".","encoding","ql2","types"]
  revision = "7f5bdfd858bb064d80559b2a32b86669c5de5d3b"
  version = "v3.0.5"

[solve-meta]
  analyzer-name = "dep"
  analyzer-version = 1
  inputs-digest = "31c92e49196b831d45ec8eb7448b7ed986601528304de49e02a1fb797e86ffdc"
  solver-name = "gps-cdcl"
  solver-version = 1
